
Microsoft Visual Studio Solution File, Format Version 12.00
# Visual Studio Version 17
VisualStudioVersion = 17.0.31717.71
MinimumVisualStudioVersion = 10.0.40219.1
Project("{9A19103F-16F7-4668-BE54-9A1E7A4F7556}") = "EventoApp.Web", "EventoApp.Web.csproj", "{35853CE8-C850-450F-BC81-641410361A19}"
EndProject
Global
	GlobalSection(SolutionConfigurationPlatforms) = preSolution
		Debug|Any CPU = Debug|Any CPU
		Release|Any CPU = Release|Any CPU
	EndGlobalSection
	GlobalSection(ProjectConfigurationPlatforms) = postSolution
		{35853CE8-C850-450F-BC81-641410361A19}.Debug|Any CPU.ActiveCfg = Debug|Any CPU
		{35853CE8-C850-450F-BC81-641410361A19}.Debug|Any CPU.Build.0 = Debug|Any CPU
		{35853CE8-C850-450F-BC81-641410361A19}.Release|Any CPU.ActiveCfg = Release|Any CPU
		{35853CE8-C850-450F-BC81-641410361A19}.Release|Any CPU.Build.0 = Release|Any CPU
	EndGlobalSection
	GlobalSection(SolutionProperties) = preSolution
		HideSolutionNode = FALSE
	EndGlobalSection
	GlobalSection(ExtensibilityGlobals) = postSolution
		SolutionGuid = {1ADEC4D4-3DB2-4902-9D1C-F8DAB6C1834C}
	EndGlobalSection
EndGlobal